
Microsoft Visual Studio Solution File, Format Version 12.00
# Visual Studio Version 17
VisualStudioVersion = 17.8.34309.116
MinimumVisualStudioVersion = 10.0.40219.1
Project("{FAE04EC0-301F-11D3-BF4B-00C04F79EFBC}") = "RISK_Task3", "RISK_Task3\RISK_Task3.csproj", "{7D134320-A589-4D62-B5DF-1E6208BEE879}"
EndProject
Global
	GlobalSection(SolutionConfigurationPlatforms) = preSolution
		Debug|Any CPU = Debug|Any CPU
		Release|Any CPU = Release|Any CPU
	EndGlobalSection
	GlobalSection(ProjectConfigurationPlatforms) = postSolution
		{7D134320-A589-4D62-B5DF-1E6208BEE879}.Debug|Any CPU.ActiveCfg = Debug|Any CPU
		{7D134320-A589-4D62-B5DF-1E6208BEE879}.Debug|Any CPU.Build.0 = Debug|Any CPU
		{7D134320-A589-4D62-B5DF-1E6208BEE879}.Release|Any CPU.ActiveCfg = Release|Any CPU
		{7D134320-A589-4D62-B5DF-1E6208BEE879}.Release|Any CPU.Build.0 = Release|Any CPU
	EndGlobalSection
	GlobalSection(SolutionProperties) = preSolution
		HideSolutionNode = FALSE
	EndGlobalSection
	GlobalSection(ExtensibilityGlobals) = postSolution
		SolutionGuid = {E11ED413-4873-40F2-B965-2C552B850B7E}
	EndGlobalSection
EndGlobal
